
Microsoft Visual Studio Solution File, Format Version 12.00
# Visual Studio Version 16
VisualStudioVersion = 16.0.29102.190
MinimumVisualStudioVersion = 10.0.40219.1
Project("{FAE04EC0-301F-11D3-BF4B-00C04F79EFBC}") = "Products_Microservice", "Products_Microservice\Products_Microservice.csproj", "{F18AD440-E4F5-48E8-9FF0-F998DE4B2AAE}"
EndProject
Global
	GlobalSection(SolutionConfigurationPlatforms) = preSolution
		Debug|Any CPU = Debug|Any CPU
		Release|Any CPU = Release|Any CPU
	EndGlobalSection
	GlobalSection(ProjectConfigurationPlatforms) = postSolution
		{F18AD440-E4F5-48E8-9FF0-F998DE4B2AAE}.Debug|Any CPU.ActiveCfg = Debug|Any CPU
		{F18AD440-E4F5-48E8-9FF0-F998DE4B2AAE}.Debug|Any CPU.Build.0 = Debug|Any CPU
		{F18AD440-E4F5-48E8-9FF0-F998DE4B2AAE}.Release|Any CPU.ActiveCfg = Release|Any CPU
		{F18AD440-E4F5-48E8-9FF0-F998DE4B2AAE}.Release|Any CPU.Build.0 = Release|Any CPU
	EndGlobalSection
	GlobalSection(SolutionProperties) = preSolution
		HideSolutionNode = FALSE
	EndGlobalSection
	GlobalSection(ExtensibilityGlobals) = postSolution
		SolutionGuid = {1A35FADB-0883-4AD6-9136-F83A63C0C20B}
	EndGlobalSection
EndGlobal
